
Microsoft Visual Studio Solution File, Format Version 12.00
# Visual Studio Version 16
VisualStudioVersion = 16.0.30011.22
MinimumVisualStudioVersion = 10.0.40219.1
Project("{FAE04EC0-301F-11D3-BF4B-00C04F79EFBC}") = "Leave-Management", "Leave-Management\Leave-Management.csproj", "{FDEED3E6-9A93-4DCA-9133-DA0C4D90352B}"
EndProject
Global
	GlobalSection(SolutionConfigurationPlatforms) = preSolution
		Debug|Any CPU = Debug|Any CPU
		Release|Any CPU = Release|Any CPU
	EndGlobalSection
	GlobalSection(ProjectConfigurationPlatforms) = postSolution
		{FDEED3E6-9A93-4DCA-9133-DA0C4D90352B}.Debug|Any CPU.ActiveCfg = Debug|Any CPU
		{FDEED3E6-9A93-4DCA-9133-DA0C4D90352B}.Debug|Any CPU.Build.0 = Debug|Any CPU
		{FDEED3E6-9A93-4DCA-9133-DA0C4D90352B}.Release|Any CPU.ActiveCfg = Release|Any CPU
		{FDEED3E6-9A93-4DCA-9133-DA0C4D90352B}.Release|Any CPU.Build.0 = Release|Any CPU
	EndGlobalSection
	GlobalSection(SolutionProperties) = preSolution
		HideSolutionNode = FALSE
	EndGlobalSection
	GlobalSection(ExtensibilityGlobals) = postSolution
		SolutionGuid = {C722EA54-5747-4FDB-A0F2-7915FC998D4C}
	EndGlobalSection
EndGlobal
